{
  "name": "Cosmic-Spaceball-Tactical-Action-Arena",
  "lockfileVersion": 3,
  "requires": true,
  "packages": {
    "": {
      "name": "Cosmic-Spaceball-Tactical-Action-Arena",
      "dependencies": {
        "nipplejs": "^0.10.1"
      },
      "devDependencies": {
        "typescript": "^4.4.3"
      }
    },
    "node_modules/nipplejs": {
      "version": "0.10.1",
      "resolved": "https://registry.npmjs.org/nipplejs/-/nipplejs-0.10.1.tgz",
      "integrity": "sha512-BuKBDfdd7BVK6E7sivHwrRPh9TETsHuHEwuT95nAjRz2uJu5roYngNs+BdRe8nYf8mP6OZ9aRqdgMlqVsDMRcw=="
    },
    "node_modules/typescript": {
      "version": "4.9.5",
      "resolved": "https://registry.npmjs.org/typescript/-/typescript-4.9.5.tgz",
      "integrity": "sha512-1FXk9E2Hm+QzZQ7z+McJiHL4NW1F2EzMu9Nq9i3zAaGqibafqYwCVU6WyWAuyQRRzOlxou8xZSyXLEN8oKj24g==",
      "dev": true,
      "bin": {
        "tsc": "bin/tsc",
        "tsserver": "bin/tsserver"
      },
      "engines": {
        "node": ">=4.2.0"
      }
    }
  }
}
